
Microsoft Visual Studio Solution File, Format Version 12.00
# Visual Studio Version 17
VisualStudioVersion = 17.11.35222.181
MinimumVisualStudioVersion = 10.0.40219.1
Project("{FAE04EC0-301F-11D3-BF4B-00C04F79EFBC}") = "chicken", "chicken\chicken.csproj", "{83792C3E-3206-469B-BD64-CE1E277D438D}"
EndProject
Global
	GlobalSection(SolutionConfigurationPlatforms) = preSolution
		Debug|Any CPU = Debug|Any CPU
		Release|Any CPU = Release|Any CPU
	EndGlobalSection
	GlobalSection(ProjectConfigurationPlatforms) = postSolution
		{83792C3E-3206-469B-BD64-CE1E277D438D}.Debug|Any CPU.ActiveCfg = Debug|Any CPU
		{83792C3E-3206-469B-BD64-CE1E277D438D}.Debug|Any CPU.Build.0 = Debug|Any CPU
		{83792C3E-3206-469B-BD64-CE1E277D438D}.Release|Any CPU.ActiveCfg = Release|Any CPU
		{83792C3E-3206-469B-BD64-CE1E277D438D}.Release|Any CPU.Build.0 = Release|Any CPU
	EndGlobalSection
	GlobalSection(SolutionProperties) = preSolution
		HideSolutionNode = FALSE
	EndGlobalSection
	GlobalSection(ExtensibilityGlobals) = postSolution
		SolutionGuid = {6A37BDFC-8D33-4FC6-BB87-E9A9B017A6EA}
	EndGlobalSection
EndGlobal
